// !$*UTF8*$!
{
	archiveVersion = 1;
	classes = {
	};
	objectVersion = 50;
	objects = {

/* Begin PBXBuildFile section */
		521488BF22828485004C4F93 /* AppDelegate.swift in Sources */ = {isa = PBXBuildFile; fileRef = 521488BE22828485004C4F93 /* AppDelegate.swift */; };
		521488C122828485004C4F93 /* ViewController.swift in Sources */ = {isa = PBXBuildFile; fileRef = 521488C022828485004C4F93 /* ViewController.swift */; };
		521488C422828485004C4F93 /* Main.storyboard in Resources */ = {isa = PBXBuildFile; fileRef = 521488C222828485004C4F93 /* Main.storyboard */; };
		521488C622828486004C4F93 /* Assets.xcassets in Resources */ = {isa = PBXBuildFile; fileRef = 521488C522828486004C4F93 /* Assets.xcassets */; };
		521488C922828486004C4F93 /* LaunchScreen.storyboard in Resources */ = {isa = PBXBuildFile; fileRef = 521488C722828486004C4F93 /* LaunchScreen.storyboard */; };
		521488D422828486004C4F93 /* EstimateAutomationTests.swift in Sources */ = {isa = PBXBuildFile; fileRef = 521488D322828486004C4F93 /* EstimateAutomationTests.swift */; };
		521488DF22828487004C4F93 /* EstimateAutomationUITests.swift in Sources */ = {isa = PBXBuildFile; fileRef = 521488DE22828487004C4F93 /* EstimateAutomationUITests.swift */; };
		521488F222828643004C4F93 /* CustomerViewController.swift in Sources */ = {isa = PBXBuildFile; fileRef = 521488F122828643004C4F93 /* CustomerViewController.swift */; };
		521488F52282882B004C4F93 /* Backend.swift in Sources */ = {isa = PBXBuildFile; fileRef = 521488F42282882B004C4F93 /* Backend.swift */; };
		521488F722831F52004C4F93 /* AuthViewController.swift in Sources */ = {isa = PBXBuildFile; fileRef = 521488F622831F52004C4F93 /* AuthViewController.swift */; };
/* End PBXBuildFile section */

/* Begin PBXContainerItemProxy section */
		521488D022828486004C4F93 /* PBXContainerItemProxy */ = {
			isa = PBXContainerItemProxy;
			containerPortal = 521488B322828485004C4F93 /* Project object */;
			proxyType = 1;
			remoteGlobalIDString = 521488BA22828485004C4F93;
			remoteInfo = EstimateAutomation;
		};
		521488DB22828486004C4F93 /* PBXContainerItemProxy */ = {
			isa = PBXContainerItemProxy;
			containerPortal = 521488B322828485004C4F93 /* Project object */;
			proxyType = 1;
			remoteGlobalIDString = 521488BA22828485004C4F93;
			remoteInfo = EstimateAutomation;
		};
/* End PBXContainerItemProxy section */

/* Begin PBXFileReference section */
		521488BB22828485004C4F93 /* EstimateAutomation.app */ = {isa = PBXFileReference; explicitFileType = wrapper.application; includeInIndex = 0; path = EstimateAutomation.app; sourceTree = BUILT_PRODUCTS_DIR; };
		521488BE22828485004C4F93 /* AppDelegate.swift */ = {isa = PBXFileReference; lastKnownFileType = sourcecode.swift; path = AppDelegate.swift; sourceTree = "<group>"; };
		521488C022828485004C4F93 /* ViewController.swift */ = {isa = PBXFileReference; lastKnownFileType = sourcecode.swift; path = ViewController.swift; sourceTree = "<group>"; };
		521488C322828485004C4F93 /* Base */ = {isa = PBXFileReference; lastKnownFileType = file.storyboard; name = Base; path = Base.lproj/Main.storyboard; sourceTree = "<group>"; };
		521488C522828486004C4F93 /* Assets.xcassets */ = {isa = PBXFileReference; lastKnownFileType = folder.assetcatalog; path = Assets.xcassets; sourceTree = "<group>"; };
		521488C822828486004C4F93 /* Base */ = {isa = PBXFileReference; lastKnownFileType = file.storyboard; name = Base; path = Base.lproj/LaunchScreen.storyboard; sourceTree = "<group>"; };
		521488CA22828486004C4F93 /* Info.plist */ = {isa = PBXFileReference; lastKnownFileType = text.plist.xml; path = Info.plist; sourceTree = "<group>"; };
		521488CF22828486004C4F93 /* EstimateAutomationTests.xctest */ = {isa = PBXFileReference; explicitFileType = wrapper.cfbundle; includeInIndex = 0; path = EstimateAutomationTests.xctest; sourceTree = BUILT_PRODUCTS_DIR; };
		521488D322828486004C4F93 /* EstimateAutomationTests.swift */ = {isa = PBXFileReference; lastKnownFileType = sourcecode.swift; path = EstimateAutomationTests.swift; sourceTree = "<group>"; };
		521488D522828486004C4F93 /* Info.plist */ = {isa = PBXFileReference; lastKnownFileType = text.plist.xml; path = Info.plist; sourceTree = "<group>"; };
		521488DA22828486004C4F93 /* EstimateAutomationUITests.xctest */ = {isa = PBXFileReference; explicitFileType = wrapper.cfbundle; includeInIndex = 0; path = EstimateAutomationUITests.xctest; sourceTree = BUILT_PRODUCTS_DIR; };
		521488DE22828487004C4F93 /* EstimateAutomationUITests.swift */ = {isa = PBXFileReference; lastKnownFileType = sourcecode.swift; path = EstimateAutomationUITests.swift; sourceTree = "<group>"; };
		521488E022828487004C4F93 /* Info.plist */ = {isa = PBXFileReference; lastKnownFileType = text.plist.xml; path = Info.plist; sourceTree = "<group>"; };
		521488F122828643004C4F93 /* CustomerViewController.swift */ = {isa = PBXFileReference; lastKnownFileType = sourcecode.swift; path = CustomerViewController.swift; sourceTree = "<group>"; };
		521488F42282882B004C4F93 /* Backend.swift */ = {isa = PBXFileReference; lastKnownFileType = sourcecode.swift; path = Backend.swift; sourceTree = "<group>"; };
		521488F622831F52004C4F93 /* AuthViewController.swift */ = {isa = PBXFileReference; lastKnownFileType = sourcecode.swift; path = AuthViewController.swift; sourceTree = "<group>"; };
/* End PBXFileReference section */

/* Begin PBXFrameworksBuildPhase section */
		521488B822828485004C4F93 /* Frameworks */ = {
			isa = PBXFrameworksBuildPhase;
			buildActionMask = 2147483647;
			files = (
			);
			runOnlyForDeploymentPostprocessing = 0;
		};
		521488CC22828486004C4F93 /* Frameworks */ = {
			isa = PBXFrameworksBuildPhase;
			buildActionMask = 2147483647;
			files = (
			);
			runOnlyForDeploymentPostprocessing = 0;
		};
		521488D722828486004C4F93 /* Frameworks */ = {
			isa = PBXFrameworksBuildPhase;
			buildActionMask = 2147483647;
			files = (
			);
			runOnlyForDeploymentPostprocessing = 0;
		};
/* End PBXFrameworksBuildPhase section */

/* Begin PBXGroup section */
		521488B222828485004C4F93 = {
			isa = PBXGroup;
			children = (
				521488BD22828485004C4F93 /* EstimateAutomation */,
				521488D222828486004C4F93 /* EstimateAutomationTests */,
				521488DD22828486004C4F93 /* EstimateAutomationUITests */,
				521488BC22828485004C4F93 /* Products */,
			);
			sourceTree = "<group>";
		};
		521488BC22828485004C4F93 /* Products */ = {
			isa = PBXGroup;
			children = (
				521488BB22828485004C4F93 /* EstimateAutomation.app */,
				521488CF22828486004C4F93 /* EstimateAutomationTests.xctest */,
				521488DA22828486004C4F93 /* EstimateAutomationUITests.xctest */,
			);
			name = Products;
			sourceTree = "<group>";
		};
		521488BD22828485004C4F93 /* EstimateAutomation */ = {
			isa = PBXGroup;
			children = (
				521488F32282880D004C4F93 /* Backend Interface */,
				521488EC228285D8004C4F93 /* Controllers */,
				521488BE22828485004C4F93 /* AppDelegate.swift */,
				521488C222828485004C4F93 /* Main.storyboard */,
				521488C522828486004C4F93 /* Assets.xcassets */,
				521488C722828486004C4F93 /* LaunchScreen.storyboard */,
				521488CA22828486004C4F93 /* Info.plist */,
			);
			path = EstimateAutomation;
			sourceTree = "<group>";
		};
		521488D222828486004C4F93 /* EstimateAutomationTests */ = {
			isa = PBXGroup;
			children = (
				521488D322828486004C4F93 /* EstimateAutomationTests.swift */,
				521488D522828486004C4F93 /* Info.plist */,
			);
			path = EstimateAutomationTests;
			sourceTree = "<group>";
		};
		521488DD22828486004C4F93 /* EstimateAutomationUITests */ = {
			isa = PBXGroup;
			children = (
				521488DE22828487004C4F93 /* EstimateAutomationUITests.swift */,
				521488E022828487004C4F93 /* Info.plist */,
			);
			path = EstimateAutomationUITests;
			sourceTree = "<group>";
		};
		521488EC228285D8004C4F93 /* Controllers */ = {
			isa = PBXGroup;
			children = (
				521488C022828485004C4F93 /* ViewController.swift */,
				521488F122828643004C4F93 /* CustomerViewController.swift */,
				521488F622831F52004C4F93 /* AuthViewController.swift */,
			);
			path = Controllers;
			sourceTree = "<group>";
		};
		521488F32282880D004C4F93 /* Backend Interface */ = {
			isa = PBXGroup;
			children = (
				521488F42282882B004C4F93 /* Backend.swift */,
			);
			path = "Backend Interface";
			sourceTree = "<group>";
		};
/* End PBXGroup section */

/* Begin PBXNativeTarget section */
		521488BA22828485004C4F93 /* EstimateAutomation */ = {
			isa = PBXNativeTarget;
			buildConfigurationList = 521488E322828487004C4F93 /* Build configuration list for PBXNativeTarget "EstimateAutomation" */;
			buildPhases = (
				521488B722828485004C4F93 /* Sources */,
				521488B822828485004C4F93 /* Frameworks */,
				521488B922828485004C4F93 /* Resources */,
			);
			buildRules = (
			);
			dependencies = (
			);
			name = EstimateAutomation;
			productName = EstimateAutomation;
			productReference = 521488BB22828485004C4F93 /* EstimateAutomation.app */;
			productType = "com.apple.product-type.application";
		};
		521488CE22828486004C4F93 /* EstimateAutomationTests */ = {
			isa = PBXNativeTarget;
			buildConfigurationList = 521488E622828487004C4F93 /* Build configuration list for PBXNativeTarget "EstimateAutomationTests" */;
			buildPhases = (
				521488CB22828486004C4F93 /* Sources */,
				521488CC22828486004C4F93 /* Frameworks */,
				521488CD22828486004C4F93 /* Resources */,
			);
			buildRules = (
			);
			dependencies = (
				521488D122828486004C4F93 /* PBXTargetDependency */,
			);
			name = EstimateAutomationTests;
			productName = EstimateAutomationTests;
			productReference = 521488CF22828486004C4F93 /* EstimateAutomationTests.xctest */;
			productType = "com.apple.product-type.bundle.unit-test";
		};
		521488D922828486004C4F93 /* EstimateAutomationUITests */ = {
			isa = PBXNativeTarget;
			buildConfigurationList = 521488E922828487004C4F93 /* Build configuration list for PBXNativeTarget "EstimateAutomationUITests" */;
			buildPhases = (
				521488D622828486004C4F93 /* Sources */,
				521488D722828486004C4F93 /* Frameworks */,
				521488D822828486004C4F93 /* Resources */,
			);
			buildRules = (
			);
			dependencies = (
				521488DC22828486004C4F93 /* PBXTargetDependency */,
			);
			name = EstimateAutomationUITests;
			productName = EstimateAutomationUITests;
			productReference = 521488DA22828486004C4F93 /* EstimateAutomationUITests.xctest */;
			productType = "com.apple.product-type.bundle.ui-testing";
		};
/* End PBXNativeTarget section */

/* Begin PBXProject section */
		521488B322828485004C4F93 /* Project object */ = {
			isa = PBXProject;
			attributes = {
				LastSwiftUpdateCheck = 1010;
				LastUpgradeCheck = 1010;
				ORGANIZATIONNAME = SpokaneAutomationCompany;
				TargetAttributes = {
					521488BA22828485004C4F93 = {
						CreatedOnToolsVersion = 10.1;
					};
					521488CE22828486004C4F93 = {
						CreatedOnToolsVersion = 10.1;
						TestTargetID = 521488BA22828485004C4F93;
					};
					521488D922828486004C4F93 = {
						CreatedOnToolsVersion = 10.1;
						TestTargetID = 521488BA22828485004C4F93;
					};
				};
			};
			buildConfigurationList = 521488B622828485004C4F93 /* Build configuration list for PBXProject "EstimateAutomation" */;
			compatibilityVersion = "Xcode 9.3";
			developmentRegion = en;
			hasScannedForEncodings = 0;
			knownRegions = (
				en,
				Base,
			);
			mainGroup = 521488B222828485004C4F93;
			productRefGroup = 521488BC22828485004C4F93 /* Products */;
			projectDirPath = "";
			projectRoot = "";
			targets = (
				521488BA22828485004C4F93 /* EstimateAutomation */,
				521488CE22828486004C4F93 /* EstimateAutomationTests */,
				521488D922828486004C4F93 /* EstimateAutomationUITests */,
			);
		};
/* End PBXProject section */

/* Begin PBXResourcesBuildPhase section */
		521488B922828485004C4F93 /* Resources */ = {
			isa = PBXResourcesBuildPhase;
			buildActionMask = 2147483647;
			files = (
				521488C922828486004C4F93 /* LaunchScreen.storyboard in Resources */,
				521488C622828486004C4F93 /* Assets.xcassets in Resources */,
				521488C422828485004C4F93 /* Main.storyboard in Resources */,
			);
			runOnlyForDeploymentPostprocessing = 0;
		};
		521488CD22828486004C4F93 /* Resources */ = {
			isa = PBXResourcesBuildPhase;
			buildActionMask = 2147483647;
			files = (
			);
			runOnlyForDeploymentPostprocessing = 0;
		};
		521488D822828486004C4F93 /* Resources */ = {
			isa = PBXResourcesBuildPhase;
			buildActionMask = 2147483647;
			files = (
			);
			runOnlyForDeploymentPostprocessing = 0;
		};
/* End PBXResourcesBuildPhase section */

/* Begin PBXSourcesBuildPhase section */
		521488B722828485004C4F93 /* Sources */ = {
			isa = PBXSourcesBuildPhase;
			buildActionMask = 2147483647;
			files = (
				521488F52282882B004C4F93 /* Backend.swift in Sources */,
				521488C122828485004C4F93 /* ViewController.swift in Sources */,
				521488F722831F52004C4F93 /* AuthViewController.swift in Sources */,
				521488BF22828485004C4F93 /* AppDelegate.swift in Sources */,
				521488F222828643004C4F93 /* CustomerViewController.swift in Sources */,
			);
			runOnlyForDeploymentPostprocessing = 0;
		};
		521488CB22828486004C4F93 /* Sources */ = {
			isa = PBXSourcesBuildPhase;
			buildActionMask = 2147483647;
			files = (
				521488D422828486004C4F93 /* EstimateAutomationTests.swift in Sources */,
			);
			runOnlyForDeploymentPostprocessing = 0;
		};
		521488D622828486004C4F93 /* Sources */ = {
			isa = PBXSourcesBuildPhase;
			buildActionMask = 2147483647;
			files = (
				521488DF22828487004C4F93 /* EstimateAutomationUITests.swift in Sources */,
			);
			runOnlyForDeploymentPostprocessing = 0;
		};
/* End PBXSourcesBuildPhase section */

/* Begin PBXTargetDependency section */
		521488D122828486004C4F93 /* PBXTargetDependency */ = {
			isa = PBXTargetDependency;
			target = 521488BA22828485004C4F93 /* EstimateAutomation */;
			targetProxy = 521488D022828486004C4F93 /* PBXContainerItemProxy */;
		};
		521488DC22828486004C4F93 /* PBXTargetDependency */ = {
			isa = PBXTargetDependency;
			target = 521488BA22828485004C4F93 /* EstimateAutomation */;
			targetProxy = 521488DB22828486004C4F93 /* PBXContainerItemProxy */;
		};
/* End PBXTargetDependency section */

/* Begin PBXVariantGroup section */
		521488C222828485004C4F93 /* Main.storyboard */ = {
			isa = PBXVariantGroup;
			children = (
				521488C322828485004C4F93 /* Base */,
			);
			name = Main.storyboard;
			sourceTree = "<group>";
		};
		521488C722828486004C4F93 /* LaunchScreen.storyboard */ = {
			isa = PBXVariantGroup;
			children = (
				521488C822828486004C4F93 /* Base */,
			);
			name = LaunchScreen.storyboard;
			sourceTree = "<group>";
		};
/* End PBXVariantGroup section */

/* Begin XCBuildConfiguration section */
		521488E122828487004C4F93 /* Debug */ = {
			isa = XCBuildConfiguration;
			buildSettings = {
				ALWAYS_SEARCH_USER_PATHS = NO;
				CLANG_ANALYZER_NONNULL = YES;
				CLANG_ANALYZER_NUMBER_OBJECT_CONVERSION = YES_AGGRESSIVE;
				CLANG_CXX_LANGUAGE_STANDARD = "gnu++14";
				CLANG_CXX_LIBRARY = "libc++";
				CLANG_ENABLE_MODULES = YES;
				CLANG_ENABLE_OBJC_ARC = YES;
				CLANG_ENABLE_OBJC_WEAK = YES;
				CLANG_WARN_BLOCK_CAPTURE_AUTORELEASING = YES;
				CLANG_WARN_BOOL_CONVERSION = YES;
				CLANG_WARN_COMMA = YES;
				CLANG_WARN_CONSTANT_CONVERSION = YES;
				CLANG_WARN_DEPRECATED_OBJC_IMPLEMENTATIONS = YES;
				CLANG_WARN_DIRECT_OBJC_ISA_USAGE = YES_ERROR;
				CLANG_WARN_DOCUMENTATION_COMMENTS = YES;
				CLANG_WARN_EMPTY_BODY = YES;
				CLANG_WARN_ENUM_CONVERSION = YES;
				CLANG_WARN_INFINITE_RECURSION = YES;
				CLANG_WARN_INT_CONVERSION = YES;
				CLANG_WARN_NON_LITERAL_NULL_CONVERSION = YES;
				CLANG_WARN_OBJC_IMPLICIT_RETAIN_SELF = YES;
				CLANG_WARN_OBJC_LITERAL_CONVERSION = YES;
				CLANG_WARN_OBJC_ROOT_CLASS = YES_ERROR;
				CLANG_WARN_RANGE_LOOP_ANALYSIS = YES;
				CLANG_WARN_STRICT_PROTOTYPES = YES;
				CLANG_WARN_SUSPICIOUS_MOVE = YES;
				CLANG_WARN_UNGUARDED_AVAILABILITY = YES_AGGRESSIVE;
				CLANG_WARN_UNREACHABLE_CODE = YES;
				CLANG_WARN__DUPLICATE_METHOD_MATCH = YES;
				CODE_SIGN_IDENTITY = "iPhone Developer";
				COPY_PHASE_STRIP = NO;
				DEBUG_INFORMATION_FORMAT = dwarf;
				ENABLE_STRICT_OBJC_MSGSEND = YES;
				ENABLE_TESTABILITY = YES;
				GCC_C_LANGUAGE_STANDARD = gnu11;
				GCC_DYNAMIC_NO_PIC = NO;
				GCC_NO_COMMON_BLOCKS = YES;
				GCC_OPTIMIZATION_LEVEL = 0;
				GCC_PREPROCESSOR_DEFINITIONS = (
					"DEBUG=1",
					"$(inherited)",
				);
				GCC_WARN_64_TO_32_BIT_CONVERSION = YES;
				GCC_WARN_ABOUT_RETURN_TYPE = YES_ERROR;
				GCC_WARN_UNDECLARED_SELECTOR = YES;
				GCC_WARN_UNINITIALIZED_AUTOS = YES_AGGRESSIVE;
				GCC_WARN_UNUSED_FUNCTION = YES;
				GCC_WARN_UNUSED_VARIABLE = YES;
				IPHONEOS_DEPLOYMENT_TARGET = 12.1;
				MTL_ENABLE_DEBUG_INFO = INCLUDE_SOURCE;
				MTL_FAST_MATH = YES;
				ONLY_ACTIVE_ARCH = YES;
				SDKROOT = iphoneos;
				SWIFT_ACTIVE_COMPILATION_CONDITIONS = DEBUG;
				SWIFT_OPTIMIZATION_LEVEL = "-Onone";
			};
			name = Debug;
		};
		521488E222828487004C4F93 /* Release */ = {
			isa = XCBuildConfiguration;
			buildSettings = {
				ALWAYS_SEARCH_USER_PATHS = NO;
				CLANG_ANALYZER_NONNULL = YES;
				CLANG_ANALYZER_NUMBER_OBJECT_CONVERSION = YES_AGGRESSIVE;
				CLANG_CXX_LANGUAGE_STANDARD = "gnu++14";
				CLANG_CXX_LIBRARY = "libc++";
				CLANG_ENABLE_MODULES = YES;
				CLANG_ENABLE_OBJC_ARC = YES;
				CLANG_ENABLE_OBJC_WEAK = YES;
				CLANG_WARN_BLOCK_CAPTURE_AUTORELEASING = YES;
				CLANG_WARN_BOOL_CONVERSION = YES;
				CLANG_WARN_COMMA = YES;
				CLANG_WARN_CONSTANT_CONVERSION = YES;
				CLANG_WARN_DEPRECATED_OBJC_IMPLEMENTATIONS = YES;
				CLANG_WARN_DIRECT_OBJC_ISA_USAGE = YES_ERROR;
				CLANG_WARN_DOCUMENTATION_COMMENTS = YES;
				CLANG_WARN_EMPTY_BODY = YES;
				CLANG_WARN_ENUM_CONVERSION = YES;
				CLANG_WARN_INFINITE_RECURSION = YES;
				CLANG_WARN_INT_CONVERSION = YES;
				CLANG_WARN_NON_LITERAL_NULL_CONVERSION = YES;
				CLANG_WARN_OBJC_IMPLICIT_RETAIN_SELF = YES;
				CLANG_WARN_OBJC_LITERAL_CONVERSION = YES;
				CLANG_WARN_OBJC_ROOT_CLASS = YES_ERROR;
				CLANG_WARN_RANGE_LOOP_ANALYSIS = YES;
				CLANG_WARN_STRICT_PROTOTYPES = YES;
				CLANG_WARN_SUSPICIOUS_MOVE = YES;
				CLANG_WARN_UNGUARDED_AVAILABILITY = YES_AGGRESSIVE;
				CLANG_WARN_UNREACHABLE_CODE = YES;
				CLANG_WARN__DUPLICATE_METHOD_MATCH = YES;
				CODE_SIGN_IDENTITY = "iPhone Developer";
				COPY_PHASE_STRIP = NO;
				DEBUG_INFORMATION_FORMAT = "dwarf-with-dsym";
				ENABLE_NS_ASSERTIONS = NO;
				ENABLE_STRICT_OBJC_MSGSEND = YES;
				GCC_C_LANGUAGE_STANDARD = gnu11;
				GCC_NO_COMMON_BLOCKS = YES;
				GCC_WARN_64_TO_32_BIT_CONVERSION = YES;
				GCC_WARN_ABOUT_RETURN_TYPE = YES_ERROR;
				GCC_WARN_UNDECLARED_SELECTOR = YES;
				GCC_WARN_UNINITIALIZED_AUTOS = YES_AGGRESSIVE;
				GCC_WARN_UNUSED_FUNCTION = YES;
				GCC_WARN_UNUSED_VARIABLE = YES;
				IPHONEOS_DEPLOYMENT_TARGET = 12.1;
				MTL_ENABLE_DEBUG_INFO = NO;
				MTL_FAST_MATH = YES;
				SDKROOT = iphoneos;
				SWIFT_COMPILATION_MODE = wholemodule;
				SWIFT_OPTIMIZATION_LEVEL = "-O";
				VALIDATE_PRODUCT = YES;
			};
			name = Release;
		};
		521488E422828487004C4F93 /* Debug */ = {
			isa = XCBuildConfiguration;
			buildSettings = {
				ASSETCATALOG_COMPILER_APPICON_NAME = AppIcon;
				CODE_SIGN_STYLE = Automatic;
				FRAMEWORK_SEARCH_PATHS = "";
				INFOPLIST_FILE = EstimateAutomation/Info.plist;
				LD_RUNPATH_SEARCH_PATHS = (
					"$(inherited)",
					"@executable_path/Frameworks",
				);
				OTHER_LDFLAGS = "";
				PRODUCT_BUNDLE_IDENTIFIER = com.sac.EstimateAutomation;
				PRODUCT_NAME = "$(TARGET_NAME)";
				SWIFT_VERSION = 4.2;
				TARGETED_DEVICE_FAMILY = "1,2";
			};
			name = Debug;
		};
		521488E522828487004C4F93 /* Release */ = {
			isa = XCBuildConfiguration;
			buildSettings = {
				ASSETCATALOG_COMPILER_APPICON_NAME = AppIcon;
				CODE_SIGN_STYLE = Automatic;
				FRAMEWORK_SEARCH_PATHS = "";
				INFOPLIST_FILE = EstimateAutomation/Info.plist;
				LD_RUNPATH_SEARCH_PATHS = (
					"$(inherited)",
					"@executable_path/Frameworks",
				);
				OTHER_LDFLAGS = "";
				PRODUCT_BUNDLE_IDENTIFIER = com.sac.EstimateAutomation;
				PRODUCT_NAME = "$(TARGET_NAME)";
				SWIFT_VERSION = 4.2;
				TARGETED_DEVICE_FAMILY = "1,2";
			};
			name = Release;
		};
		521488E722828487004C4F93 /* Debug */ = {
			isa = XCBuildConfiguration;
			buildSettings = {
				ALWAYS_EMBED_SWIFT_STANDARD_LIBRARIES = YES;
				BUNDLE_LOADER = "$(TEST_HOST)";
				CODE_SIGN_STYLE = Automatic;
				INFOPLIST_FILE = EstimateAutomationTests/Info.plist;
				LD_RUNPATH_SEARCH_PATHS = (
					"$(inherited)",
					"@executable_path/Frameworks",
					"@loader_path/Frameworks",
				);
				PRODUCT_BUNDLE_IDENTIFIER = com.sac.EstimateAutomationTests;
				PRODUCT_NAME = "$(TARGET_NAME)";
				SWIFT_VERSION = 4.2;
				TARGETED_DEVICE_FAMILY = "1,2";
				TEST_HOST = "$(BUILT_PRODUCTS_DIR)/EstimateAutomation.app/EstimateAutomation";
			};
			name = Debug;
		};
		521488E822828487004C4F93 /* Release */ = {
			isa = XCBuildConfiguration;
			buildSettings = {
				ALWAYS_EMBED_SWIFT_STANDARD_LIBRARIES = YES;
				BUNDLE_LOADER = "$(TEST_HOST)";
				CODE_SIGN_STYLE = Automatic;
				INFOPLIST_FILE = EstimateAutomationTests/Info.plist;
				LD_RUNPATH_SEARCH_PATHS = (
					"$(inherited)",
					"@executable_path/Frameworks",
					"@loader_path/Frameworks",
				);
				PRODUCT_BUNDLE_IDENTIFIER = com.sac.EstimateAutomationTests;
				PRODUCT_NAME = "$(TARGET_NAME)";
				SWIFT_VERSION = 4.2;
				TARGETED_DEVICE_FAMILY = "1,2";
				TEST_HOST = "$(BUILT_PRODUCTS_DIR)/EstimateAutomation.app/EstimateAutomation";
			};
			name = Release;
		};
		521488EA22828487004C4F93 /* Debug */ = {
			isa = XCBuildConfiguration;
			buildSettings = {
				ALWAYS_EMBED_SWIFT_STANDARD_LIBRARIES = YES;
				CODE_SIGN_STYLE = Automatic;
				INFOPLIST_FILE = EstimateAutomationUITests/Info.plist;
				LD_RUNPATH_SEARCH_PATHS = (
					"$(inherited)",
					"@executable_path/Frameworks",
					"@loader_path/Frameworks",
				);
				PRODUCT_BUNDLE_IDENTIFIER = com.sac.EstimateAutomationUITests;
				PRODUCT_NAME = "$(TARGET_NAME)";
				SWIFT_VERSION = 4.2;
				TARGETED_DEVICE_FAMILY = "1,2";
				TEST_TARGET_NAME = EstimateAutomation;
			};
			name = Debug;
		};
		521488EB22828487004C4F93 /* Release */ = {
			isa = XCBuildConfiguration;
			buildSettings = {
				ALWAYS_EMBED_SWIFT_STANDARD_LIBRARIES = YES;
				CODE_SIGN_STYLE = Automatic;
				INFOPLIST_FILE = EstimateAutomationUITests/Info.plist;
				LD_RUNPATH_SEARCH_PATHS = (
					"$(inherited)",
					"@executable_path/Frameworks",
					"@loader_path/Frameworks",
				);
				PRODUCT_BUNDLE_IDENTIFIER = com.sac.EstimateAutomationUITests;
				PRODUCT_NAME = "$(TARGET_NAME)";
				SWIFT_VERSION = 4.2;
				TARGETED_DEVICE_FAMILY = "1,2";
				TEST_TARGET_NAME = EstimateAutomation;
			};
			name = Release;
		};
/* End XCBuildConfiguration section */

/* Begin XCConfigurationList section */
		521488B622828485004C4F93 /* Build configuration list for PBXProject "EstimateAutomation" */ = {
			isa = XCConfigurationList;
			buildConfigurations = (
				521488E122828487004C4F93 /* Debug */,
				521488E222828487004C4F93 /* Release */,
			);
			defaultConfigurationIsVisible = 0;
			defaultConfigurationName = Release;
		};
		521488E322828487004C4F93 /* Build configuration list for PBXNativeTarget "EstimateAutomation" */ = {
			isa = XCConfigurationList;
			buildConfigurations = (
				521488E422828487004C4F93 /* Debug */,
				521488E522828487004C4F93 /* Release */,
			);
			defaultConfigurationIsVisible = 0;
			defaultConfigurationName = Release;
		};
		521488E622828487004C4F93 /* Build configuration list for PBXNativeTarget "EstimateAutomationTests" */ = {
			isa = XCConfigurationList;
			buildConfigurations = (
				521488E722828487004C4F93 /* Debug */,
				521488E822828487004C4F93 /* Release */,
			);
			defaultConfigurationIsVisible = 0;
			defaultConfigurationName = Release;
		};
		521488E922828487004C4F93 /* Build configuration list for PBXNativeTarget "EstimateAutomationUITests" */ = {
			isa = XCConfigurationList;
			buildConfigurations = (
				521488EA22828487004C4F93 /* Debug */,
				521488EB22828487004C4F93 /* Release */,
			);
			defaultConfigurationIsVisible = 0;
			defaultConfigurationName = Release;
		};
/* End XCConfigurationList section */
	};
	rootObject = 521488B322828485004C4F93 /* Project object */;
}
